// !$*UTF8*$!
{
	archiveVersion = 1;
	classes = {
	};
	objectVersion = 46;
	objects = {

/* Begin PBXBuildFile section */
		D16FE5051AC2445400778DBB /* main.m in Sources */ = {isa = PBXBuildFile; fileRef = D16FE5041AC2445400778DBB /* main.m */; };
		D16FE5081AC2445400778DBB /* AppDelegate.m in Sources */ = {isa = PBXBuildFile; fileRef = D16FE5071AC2445400778DBB /* AppDelegate.m */; };
		D16FE50B1AC2445400778DBB /* GA_Tutorial.xcdatamodeld in Sources */ = {isa = PBXBuildFile; fileRef = D16FE5091AC2445400778DBB /* GA_Tutorial.xcdatamodeld */; };
		D16FE50E1AC2445400778DBB /* ViewController.m in Sources */ = {isa = PBXBuildFile; fileRef = D16FE50D1AC2445400778DBB /* ViewController.m */; };
		D16FE5111AC2445400778DBB /* Main.storyboard in Resources */ = {isa = PBXBuildFile; fileRef = D16FE50F1AC2445400778DBB /* Main.storyboard */; };
		D16FE5131AC2445400778DBB /* Images.xcassets in Resources */ = {isa = PBXBuildFile; fileRef = D16FE5121AC2445400778DBB /* Images.xcassets */; };
		D16FE5161AC2445400778DBB /* LaunchScreen.xib in Resources */ = {isa = PBXBuildFile; fileRef = D16FE5141AC2445400778DBB /* LaunchScreen.xib */; };
		D16FE5221AC2445400778DBB /* GA_TutorialTests.m in Sources */ = {isa = PBXBuildFile; fileRef = D16FE5211AC2445400778DBB /* GA_TutorialTests.m */; };
		D16FE5361AC2463B00778DBB /* libGoogleAnalyticsServices.a in Frameworks */ = {isa = PBXBuildFile; fileRef = D16FE5351AC2463B00778DBB /* libGoogleAnalyticsServices.a */; };
		D16FE5391AC2465F00778DBB /* CoreData.framework in Frameworks */ = {isa = PBXBuildFile; fileRef = D16FE5371AC2465F00778DBB /* CoreData.framework */; };
		D16FE53A1AC2465F00778DBB /* SystemConfiguration.framework in Frameworks */ = {isa = PBXBuildFile; fileRef = D16FE5381AC2465F00778DBB /* SystemConfiguration.framework */; };
		D16FE53C1AC2467600778DBB /* libz.dylib in Frameworks */ = {isa = PBXBuildFile; fileRef = D16FE53B1AC2467600778DBB /* libz.dylib */; };
		D16FE53E1AC2469A00778DBB /* libsqlite3.dylib in Frameworks */ = {isa = PBXBuildFile; fileRef = D16FE53D1AC2469A00778DBB /* libsqlite3.dylib */; };
/* End PBXBuildFile section */

/* Begin PBXContainerItemProxy section */
		D16FE51C1AC2445400778DBB /* PBXContainerItemProxy */ = {
			isa = PBXContainerItemProxy;
			containerPortal = D16FE4F71AC2445300778DBB /* Project object */;
			proxyType = 1;
			remoteGlobalIDString = D16FE4FE1AC2445300778DBB;
			remoteInfo = "GA-Tutorial";
		};
/* End PBXContainerItemProxy section */

/* Begin PBXFileReference section */
		D16FE4FF1AC2445400778DBB /* GA-Tutorial.app */ = {isa = PBXFileReference; explicitFileType = wrapper.application; includeInIndex = 0; path = "GA-Tutorial.app"; sourceTree = BUILT_PRODUCTS_DIR; };
		D16FE5031AC2445400778DBB /* Info.plist */ = {isa = PBXFileReference; lastKnownFileType = text.plist.xml; path = Info.plist; sourceTree = "<group>"; };
		D16FE5041AC2445400778DBB /* main.m */ = {isa = PBXFileReference; lastKnownFileType = sourcecode.c.objc; path = main.m; sourceTree = "<group>"; };
		D16FE5061AC2445400778DBB /* AppDelegate.h */ = {isa = PBXFileReference; lastKnownFileType = sourcecode.c.h; path = AppDelegate.h; sourceTree = "<group>"; };
		D16FE5071AC2445400778DBB /* AppDelegate.m */ = {isa = PBXFileReference; lastKnownFileType = sourcecode.c.objc; path = AppDelegate.m; sourceTree = "<group>"; };
		D16FE50A1AC2445400778DBB /* GA_Tutorial.xcdatamodel */ = {isa = PBXFileReference; lastKnownFileType = wrapper.xcdatamodel; path = GA_Tutorial.xcdatamodel; sourceTree = "<group>"; };
		D16FE50C1AC2445400778DBB /* ViewController.h */ = {isa = PBXFileReference; lastKnownFileType = sourcecode.c.h; path = ViewController.h; sourceTree = "<group>"; };
		D16FE50D1AC2445400778DBB /* ViewController.m */ = {isa = PBXFileReference; lastKnownFileType = sourcecode.c.objc; path = ViewController.m; sourceTree = "<group>"; };
		D16FE5101AC2445400778DBB /* Base */ = {isa = PBXFileReference; lastKnownFileType = file.storyboard; name = Base; path = Base.lproj/Main.storyboard; sourceTree = "<group>"; };
		D16FE5121AC2445400778DBB /* Images.xcassets */ = {isa = PBXFileReference; lastKnownFileType = folder.assetcatalog; path = Images.xcassets; sourceTree = "<group>"; };
		D16FE5151AC2445400778DBB /* Base */ = {isa = PBXFileReference; lastKnownFileType = file.xib; name = Base; path = Base.lproj/LaunchScreen.xib; sourceTree = "<group>"; };
		D16FE51B1AC2445400778DBB /* GA-TutorialTests.xctest */ = {isa = PBXFileReference; explicitFileType = wrapper.cfbundle; includeInIndex = 0; path = "GA-TutorialTests.xctest"; sourceTree = BUILT_PRODUCTS_DIR; };
		D16FE5201AC2445400778DBB /* Info.plist */ = {isa = PBXFileReference; lastKnownFileType = text.plist.xml; path = Info.plist; sourceTree = "<group>"; };
		D16FE5211AC2445400778DBB /* GA_TutorialTests.m */ = {isa = PBXFileReference; lastKnownFileType = sourcecode.c.objc; path = GA_TutorialTests.m; sourceTree = "<group>"; };
		D16FE52C1AC245DA00778DBB /* GAI.h */ = {isa = PBXFileReference; fileEncoding = 4; lastKnownFileType = sourcecode.c.h; path = GAI.h; sourceTree = "<group>"; };
		D16FE52D1AC245DA00778DBB /* GAIDictionaryBuilder.h */ = {isa = PBXFileReference; fileEncoding = 4; lastKnownFileType = sourcecode.c.h; path = GAIDictionaryBuilder.h; sourceTree = "<group>"; };
		D16FE52E1AC245DA00778DBB /* GAIEcommerceProduct.h */ = {isa = PBXFileReference; fileEncoding = 4; lastKnownFileType = sourcecode.c.h; path = GAIEcommerceProduct.h; sourceTree = "<group>"; };
		D16FE52F1AC245DA00778DBB /* GAIEcommerceProductAction.h */ = {isa = PBXFileReference; fileEncoding = 4; lastKnownFileType = sourcecode.c.h; path = GAIEcommerceProductAction.h; sourceTree = "<group>"; };
		D16FE5301AC245DA00778DBB /* GAIEcommercePromotion.h */ = {isa = PBXFileReference; fileEncoding = 4; lastKnownFileType = sourcecode.c.h; path = GAIEcommercePromotion.h; sourceTree = "<group>"; };
		D16FE5311AC245DA00778DBB /* GAIFields.h */ = {isa = PBXFileReference; fileEncoding = 4; lastKnownFileType = sourcecode.c.h; path = GAIFields.h; sourceTree = "<group>"; };
		D16FE5321AC245DA00778DBB /* GAILogger.h */ = {isa = PBXFileReference; fileEncoding = 4; lastKnownFileType = sourcecode.c.h; path = GAILogger.h; sourceTree = "<group>"; };
		D16FE5331AC245DA00778DBB /* GAITrackedViewController.h */ = {isa = PBXFileReference; fileEncoding = 4; lastKnownFileType = sourcecode.c.h; path = GAITrackedViewController.h; sourceTree = "<group>"; };
		D16FE5341AC245DA00778DBB /* GAITracker.h */ = {isa = PBXFileReference; fileEncoding = 4; lastKnownFileType = sourcecode.c.h; path = GAITracker.h; sourceTree = "<group>"; };
		D16FE5351AC2463B00778DBB /* libGoogleAnalyticsServices.a */ = {isa = PBXFileReference; lastKnownFileType = archive.ar; name = libGoogleAnalyticsServices.a; path = "GA-Tutorial/GoogleAnalytics/libGoogleAnalyticsServices.a"; sourceTree = "<group>"; };
		D16FE5371AC2465F00778DBB /* CoreData.framework */ = {isa = PBXFileReference; lastKnownFileType = wrapper.framework; name = CoreData.framework; path = System/Library/Frameworks/CoreData.framework; sourceTree = SDKROOT; };
		D16FE5381AC2465F00778DBB /* SystemConfiguration.framework */ = {isa = PBXFileReference; lastKnownFileType = wrapper.framework; name = SystemConfiguration.framework; path = System/Library/Frameworks/SystemConfiguration.framework; sourceTree = SDKROOT; };
		D16FE53B1AC2467600778DBB /* libz.dylib */ = {isa = PBXFileReference; lastKnownFileType = "compiled.mach-o.dylib"; name = libz.dylib; path = usr/lib/libz.dylib; sourceTree = SDKROOT; };
		D16FE53D1AC2469A00778DBB /* libsqlite3.dylib */ = {isa = PBXFileReference; lastKnownFileType = "compiled.mach-o.dylib"; name = libsqlite3.dylib; path = usr/lib/libsqlite3.dylib; sourceTree = SDKROOT; };
/* End PBXFileReference section */

/* Begin PBXFrameworksBuildPhase section */
		D16FE4FC1AC2445300778DBB /* Frameworks */ = {
			isa = PBXFrameworksBuildPhase;
			buildActionMask = 2147483647;
			files = (
				D16FE53E1AC2469A00778DBB /* libsqlite3.dylib in Frameworks */,
				D16FE53C1AC2467600778DBB /* libz.dylib in Frameworks */,
				D16FE5391AC2465F00778DBB /* CoreData.framework in Frameworks */,
				D16FE53A1AC2465F00778DBB /* SystemConfiguration.framework in Frameworks */,
				D16FE5361AC2463B00778DBB /* libGoogleAnalyticsServices.a in Frameworks */,
			);
			runOnlyForDeploymentPostprocessing = 0;
		};
		D16FE5181AC2445400778DBB /* Frameworks */ = {
			isa = PBXFrameworksBuildPhase;
			buildActionMask = 2147483647;
			files = (
			);
			runOnlyForDeploymentPostprocessing = 0;
		};
/* End PBXFrameworksBuildPhase section */

/* Begin PBXGroup section */
		D16FE4F61AC2445300778DBB = {
			isa = PBXGroup;
			children = (
				D16FE53F1AC246A600778DBB /* Frameworks */,
				D16FE52B1AC245DA00778DBB /* GoogleAnalytics */,
				D16FE5011AC2445400778DBB /* GA-Tutorial */,
				D16FE51E1AC2445400778DBB /* GA-TutorialTests */,
				D16FE5001AC2445400778DBB /* Products */,
			);
			sourceTree = "<group>";
		};
		D16FE5001AC2445400778DBB /* Products */ = {
			isa = PBXGroup;
			children = (
				D16FE4FF1AC2445400778DBB /* GA-Tutorial.app */,
				D16FE51B1AC2445400778DBB /* GA-TutorialTests.xctest */,
			);
			name = Products;
			sourceTree = "<group>";
		};
		D16FE5011AC2445400778DBB /* GA-Tutorial */ = {
			isa = PBXGroup;
			children = (
				D16FE5061AC2445400778DBB /* AppDelegate.h */,
				D16FE5071AC2445400778DBB /* AppDelegate.m */,
				D16FE50C1AC2445400778DBB /* ViewController.h */,
				D16FE50D1AC2445400778DBB /* ViewController.m */,
				D16FE50F1AC2445400778DBB /* Main.storyboard */,
				D16FE5121AC2445400778DBB /* Images.xcassets */,
				D16FE5141AC2445400778DBB /* LaunchScreen.xib */,
				D16FE5091AC2445400778DBB /* GA_Tutorial.xcdatamodeld */,
				D16FE5021AC2445400778DBB /* Supporting Files */,
			);
			path = "GA-Tutorial";
			sourceTree = "<group>";
		};
		D16FE5021AC2445400778DBB /* Supporting Files */ = {
			isa = PBXGroup;
			children = (
				D16FE5031AC2445400778DBB /* Info.plist */,
				D16FE5041AC2445400778DBB /* main.m */,
			);
			name = "Supporting Files";
			sourceTree = "<group>";
		};
		D16FE51E1AC2445400778DBB /* GA-TutorialTests */ = {
			isa = PBXGroup;
			children = (
				D16FE5211AC2445400778DBB /* GA_TutorialTests.m */,
				D16FE51F1AC2445400778DBB /* Supporting Files */,
			);
			path = "GA-TutorialTests";
			sourceTree = "<group>";
		};
		D16FE51F1AC2445400778DBB /* Supporting Files */ = {
			isa = PBXGroup;
			children = (
				D16FE5201AC2445400778DBB /* Info.plist */,
			);
			name = "Supporting Files";
			sourceTree = "<group>";
		};
		D16FE52B1AC245DA00778DBB /* GoogleAnalytics */ = {
			isa = PBXGroup;
			children = (
				D16FE52C1AC245DA00778DBB /* GAI.h */,
				D16FE52D1AC245DA00778DBB /* GAIDictionaryBuilder.h */,
				D16FE52E1AC245DA00778DBB /* GAIEcommerceProduct.h */,
				D16FE52F1AC245DA00778DBB /* GAIEcommerceProductAction.h */,
				D16FE5301AC245DA00778DBB /* GAIEcommercePromotion.h */,
				D16FE5311AC245DA00778DBB /* GAIFields.h */,
				D16FE5321AC245DA00778DBB /* GAILogger.h */,
				D16FE5331AC245DA00778DBB /* GAITrackedViewController.h */,
				D16FE5341AC245DA00778DBB /* GAITracker.h */,
			);
			name = GoogleAnalytics;
			path = "GA-Tutorial/GoogleAnalytics";
			sourceTree = "<group>";
		};
		D16FE53F1AC246A600778DBB /* Frameworks */ = {
			isa = PBXGroup;
			children = (
				D16FE5351AC2463B00778DBB /* libGoogleAnalyticsServices.a */,
				D16FE53D1AC2469A00778DBB /* libsqlite3.dylib */,
				D16FE53B1AC2467600778DBB /* libz.dylib */,
				D16FE5371AC2465F00778DBB /* CoreData.framework */,
				D16FE5381AC2465F00778DBB /* SystemConfiguration.framework */,
			);
			name = Frameworks;
			sourceTree = "<group>";
		};
/* End PBXGroup section */

/* Begin PBXNativeTarget section */
		D16FE4FE1AC2445300778DBB /* GA-Tutorial */ = {
			isa = PBXNativeTarget;
			buildConfigurationList = D16FE5251AC2445400778DBB /* Build configuration list for PBXNativeTarget "GA-Tutorial" */;
			buildPhases = (
				D16FE4FB1AC2445300778DBB /* Sources */,
				D16FE4FC1AC2445300778DBB /* Frameworks */,
				D16FE4FD1AC2445300778DBB /* Resources */,
			);
			buildRules = (
			);
			dependencies = (
			);
			name = "GA-Tutorial";
			productName = "GA-Tutorial";
			productReference = D16FE4FF1AC2445400778DBB /* GA-Tutorial.app */;
			productType = "com.apple.product-type.application";
		};
		D16FE51A1AC2445400778DBB /* GA-TutorialTests */ = {
			isa = PBXNativeTarget;
			buildConfigurationList = D16FE5281AC2445400778DBB /* Build configuration list for PBXNativeTarget "GA-TutorialTests" */;
			buildPhases = (
				D16FE5171AC2445400778DBB /* Sources */,
				D16FE5181AC2445400778DBB /* Frameworks */,
				D16FE5191AC2445400778DBB /* Resources */,
			);
			buildRules = (
			);
			dependencies = (
				D16FE51D1AC2445400778DBB /* PBXTargetDependency */,
			);
			name = "GA-TutorialTests";
			productName = "GA-TutorialTests";
			productReference = D16FE51B1AC2445400778DBB /* GA-TutorialTests.xctest */;
			productType = "com.apple.product-type.bundle.unit-test";
		};
/* End PBXNativeTarget section */

/* Begin PBXProject section */
		D16FE4F71AC2445300778DBB /* Project object */ = {
			isa = PBXProject;
			attributes = {
				LastUpgradeCheck = 0620;
				ORGANIZATIONNAME = Smartplace;
				TargetAttributes = {
					D16FE4FE1AC2445300778DBB = {
						CreatedOnToolsVersion = 6.2;
					};
					D16FE51A1AC2445400778DBB = {
						CreatedOnToolsVersion = 6.2;
						TestTargetID = D16FE4FE1AC2445300778DBB;
					};
				};
			};
			buildConfigurationList = D16FE4FA1AC2445300778DBB /* Build configuration list for PBXProject "GA-Tutorial" */;
			compatibilityVersion = "Xcode 3.2";
			developmentRegion = English;
			hasScannedForEncodings = 0;
			knownRegions = (
				en,
				Base,
			);
			mainGroup = D16FE4F61AC2445300778DBB;
			productRefGroup = D16FE5001AC2445400778DBB /* Products */;
			projectDirPath = "";
			projectRoot = "";
			targets = (
				D16FE4FE1AC2445300778DBB /* GA-Tutorial */,
				D16FE51A1AC2445400778DBB /* GA-TutorialTests */,
			);
		};
/* End PBXProject section */

/* Begin PBXResourcesBuildPhase section */
		D16FE4FD1AC2445300778DBB /* Resources */ = {
			isa = PBXResourcesBuildPhase;
			buildActionMask = 2147483647;
			files = (
				D16FE5111AC2445400778DBB /* Main.storyboard in Resources */,
				D16FE5161AC2445400778DBB /* LaunchScreen.xib in Resources */,
				D16FE5131AC2445400778DBB /* Images.xcassets in Resources */,
			);
			runOnlyForDeploymentPostprocessing = 0;
		};
		D16FE5191AC2445400778DBB /* Resources */ = {
			isa = PBXResourcesBuildPhase;
			buildActionMask = 2147483647;
			files = (
			);
			runOnlyForDeploymentPostprocessing = 0;
		};
/* End PBXResourcesBuildPhase section */

/* Begin PBXSourcesBuildPhase section */
		D16FE4FB1AC2445300778DBB /* Sources */ = {
			isa = PBXSourcesBuildPhase;
			buildActionMask = 2147483647;
			files = (
				D16FE5081AC2445400778DBB /* AppDelegate.m in Sources */,
				D16FE50B1AC2445400778DBB /* GA_Tutorial.xcdatamodeld in Sources */,
				D16FE50E1AC2445400778DBB /* ViewController.m in Sources */,
				D16FE5051AC2445400778DBB /* main.m in Sources */,
			);
			runOnlyForDeploymentPostprocessing = 0;
		};
		D16FE5171AC2445400778DBB /* Sources */ = {
			isa = PBXSourcesBuildPhase;
			buildActionMask = 2147483647;
			files = (
				D16FE5221AC2445400778DBB /* GA_TutorialTests.m in Sources */,
			);
			runOnlyForDeploymentPostprocessing = 0;
		};
/* End PBXSourcesBuildPhase section */

/* Begin PBXTargetDependency section */
		D16FE51D1AC2445400778DBB /* PBXTargetDependency */ = {
			isa = PBXTargetDependency;
			target = D16FE4FE1AC2445300778DBB /* GA-Tutorial */;
			targetProxy = D16FE51C1AC2445400778DBB /* PBXContainerItemProxy */;
		};
/* End PBXTargetDependency section */

/* Begin PBXVariantGroup section */
		D16FE50F1AC2445400778DBB /* Main.storyboard */ = {
			isa = PBXVariantGroup;
			children = (
				D16FE5101AC2445400778DBB /* Base */,
			);
			name = Main.storyboard;
			sourceTree = "<group>";
		};
		D16FE5141AC2445400778DBB /* LaunchScreen.xib */ = {
			isa = PBXVariantGroup;
			children = (
				D16FE5151AC2445400778DBB /* Base */,
			);
			name = LaunchScreen.xib;
			sourceTree = "<group>";
		};
/* End PBXVariantGroup section */

/* Begin XCBuildConfiguration section */
		D16FE5231AC2445400778DBB /* Debug */ = {
			isa = XCBuildConfiguration;
			buildSettings = {
				ALWAYS_SEARCH_USER_PATHS = NO;
				CLANG_CXX_LANGUAGE_STANDARD = "gnu++0x";
				CLANG_CXX_LIBRARY = "libc++";
				CLANG_ENABLE_MODULES = YES;
				CLANG_ENABLE_OBJC_ARC = YES;
				CLANG_WARN_BOOL_CONVERSION = YES;
				CLANG_WARN_CONSTANT_CONVERSION = YES;
				CLANG_WARN_DIRECT_OBJC_ISA_USAGE = YES_ERROR;
				CLANG_WARN_EMPTY_BODY = YES;
				CLANG_WARN_ENUM_CONVERSION = YES;
				CLANG_WARN_INT_CONVERSION = YES;
				CLANG_WARN_OBJC_ROOT_CLASS = YES_ERROR;
				CLANG_WARN_UNREACHABLE_CODE = YES;
				CLANG_WARN__DUPLICATE_METHOD_MATCH = YES;
				"CODE_SIGN_IDENTITY[sdk=iphoneos*]" = "iPhone Developer";
				COPY_PHASE_STRIP = NO;
				ENABLE_STRICT_OBJC_MSGSEND = YES;
				GCC_C_LANGUAGE_STANDARD = gnu99;
				GCC_DYNAMIC_NO_PIC = NO;
				GCC_OPTIMIZATION_LEVEL = 0;
				GCC_PREPROCESSOR_DEFINITIONS = (
					"DEBUG=1",
					"$(inherited)",
				);
				GCC_SYMBOLS_PRIVATE_EXTERN = NO;
				GCC_WARN_64_TO_32_BIT_CONVERSION = YES;
				GCC_WARN_ABOUT_RETURN_TYPE = YES_ERROR;
				GCC_WARN_UNDECLARED_SELECTOR = YES;
				GCC_WARN_UNINITIALIZED_AUTOS = YES_AGGRESSIVE;
				GCC_WARN_UNUSED_FUNCTION = YES;
				GCC_WARN_UNUSED_VARIABLE = YES;
				IPHONEOS_DEPLOYMENT_TARGET = 8.2;
				MTL_ENABLE_DEBUG_INFO = YES;
				ONLY_ACTIVE_ARCH = YES;
				SDKROOT = iphoneos;
			};
			name = Debug;
		};
		D16FE5241AC2445400778DBB /* Release */ = {
			isa = XCBuildConfiguration;
			buildSettings = {
				ALWAYS_SEARCH_USER_PATHS = NO;
				CLANG_CXX_LANGUAGE_STANDARD = "gnu++0x";
				CLANG_CXX_LIBRARY = "libc++";
				CLANG_ENABLE_MODULES = YES;
				CLANG_ENABLE_OBJC_ARC = YES;
				CLANG_WARN_BOOL_CONVERSION = YES;
				CLANG_WARN_CONSTANT_CONVERSION = YES;
				CLANG_WARN_DIRECT_OBJC_ISA_USAGE = YES_ERROR;
				CLANG_WARN_EMPTY_BODY = YES;
				CLANG_WARN_ENUM_CONVERSION = YES;
				CLANG_WARN_INT_CONVERSION = YES;
				CLANG_WARN_OBJC_ROOT_CLASS = YES_ERROR;
				CLANG_WARN_UNREACHABLE_CODE = YES;
				CLANG_WARN__DUPLICATE_METHOD_MATCH = YES;
				"CODE_SIGN_IDENTITY[sdk=iphoneos*]" = "iPhone Developer";
				COPY_PHASE_STRIP = NO;
				ENABLE_NS_ASSERTIONS = NO;
				ENABLE_STRICT_OBJC_MSGSEND = YES;
				GCC_C_LANGUAGE_STANDARD = gnu99;
				GCC_WARN_64_TO_32_BIT_CONVERSION = YES;
				GCC_WARN_ABOUT_RETURN_TYPE = YES_ERROR;
				GCC_WARN_UNDECLARED_SELECTOR = YES;
				GCC_WARN_UNINITIALIZED_AUTOS = YES_AGGRESSIVE;
				GCC_WARN_UNUSED_FUNCTION = YES;
				GCC_WARN_UNUSED_VARIABLE = YES;
				IPHONEOS_DEPLOYMENT_TARGET = 8.2;
				MTL_ENABLE_DEBUG_INFO = NO;
				SDKROOT = iphoneos;
				VALIDATE_PRODUCT = YES;
			};
			name = Release;
		};
		D16FE5261AC2445400778DBB /* Debug */ = {
			isa = XCBuildConfiguration;
			buildSettings = {
				ASSETCATALOG_COMPILER_APPICON_NAME = AppIcon;
				INFOPLIST_FILE = "GA-Tutorial/Info.plist";
				IPHONEOS_DEPLOYMENT_TARGET = 8.0;
				LD_RUNPATH_SEARCH_PATHS = "$(inherited) @executable_path/Frameworks";
				LIBRARY_SEARCH_PATHS = (
					"$(inherited)",
					"$(PROJECT_DIR)/GA-Tutorial/GoogleAnalytics",
				);
				PRODUCT_NAME = "$(TARGET_NAME)";
			};
			name = Debug;
		};
		D16FE5271AC2445400778DBB /* Release */ = {
			isa = XCBuildConfiguration;
			buildSettings = {
				ASSETCATALOG_COMPILER_APPICON_NAME = AppIcon;
				INFOPLIST_FILE = "GA-Tutorial/Info.plist";
				IPHONEOS_DEPLOYMENT_TARGET = 8.0;
				LD_RUNPATH_SEARCH_PATHS = "$(inherited) @executable_path/Frameworks";
				LIBRARY_SEARCH_PATHS = (
					"$(inherited)",
					"$(PROJECT_DIR)/GA-Tutorial/GoogleAnalytics",
				);
				PRODUCT_NAME = "$(TARGET_NAME)";
			};
			name = Release;
		};
		D16FE5291AC2445400778DBB /* Debug */ = {
			isa = XCBuildConfiguration;
			buildSettings = {
				BUNDLE_LOADER = "$(TEST_HOST)";
				FRAMEWORK_SEARCH_PATHS = (
					"$(SDKROOT)/Developer/Library/Frameworks",
					"$(inherited)",
				);
				GCC_PREPROCESSOR_DEFINITIONS = (
					"DEBUG=1",
					"$(inherited)",
				);
				INFOPLIST_FILE = "GA-TutorialTests/Info.plist";
				LD_RUNPATH_SEARCH_PATHS = "$(inherited) @executable_path/Frameworks @loader_path/Frameworks";
				PRODUCT_NAME = "$(TARGET_NAME)";
				TEST_HOST = "$(BUILT_PRODUCTS_DIR)/GA-Tutorial.app/GA-Tutorial";
			};
			name = Debug;
		};
		D16FE52A1AC2445400778DBB /* Release */ = {
			isa = XCBuildConfiguration;
			buildSettings = {
				BUNDLE_LOADER = "$(TEST_HOST)";
				FRAMEWORK_SEARCH_PATHS = (
					"$(SDKROOT)/Developer/Library/Frameworks",
					"$(inherited)",
				);
				INFOPLIST_FILE = "GA-TutorialTests/Info.plist";
				LD_RUNPATH_SEARCH_PATHS = "$(inherited) @executable_path/Frameworks @loader_path/Frameworks";
				PRODUCT_NAME = "$(TARGET_NAME)";
				TEST_HOST = "$(BUILT_PRODUCTS_DIR)/GA-Tutorial.app/GA-Tutorial";
			};
			name = Release;
		};
/* End XCBuildConfiguration section */

/* Begin XCConfigurationList section */
		D16FE4FA1AC2445300778DBB /* Build configuration list for PBXProject "GA-Tutorial" */ = {
			isa = XCConfigurationList;
			buildConfigurations = (
				D16FE5231AC2445400778DBB /* Debug */,
				D16FE5241AC2445400778DBB /* Release */,
			);
			defaultConfigurationIsVisible = 0;
			defaultConfigurationName = Release;
		};
		D16FE5251AC2445400778DBB /* Build configuration list for PBXNativeTarget "GA-Tutorial" */ = {
			isa = XCConfigurationList;
			buildConfigurations = (
				D16FE5261AC2445400778DBB /* Debug */,
				D16FE5271AC2445400778DBB /* Release */,
			);
			defaultConfigurationIsVisible = 0;
		};
		D16FE5281AC2445400778DBB /* Build configuration list for PBXNativeTarget "GA-TutorialTests" */ = {
			isa = XCConfigurationList;
			buildConfigurations = (
				D16FE5291AC2445400778DBB /* Debug */,
				D16FE52A1AC2445400778DBB /* Release */,
			);
			defaultConfigurationIsVisible = 0;
		};
/* End XCConfigurationList section */

/* Begin XCVersionGroup section */
		D16FE5091AC2445400778DBB /* GA_Tutorial.xcdatamodeld */ = {
			isa = XCVersionGroup;
			children = (
				D16FE50A1AC2445400778DBB /* GA_Tutorial.xcdatamodel */,
			);
			currentVersion = D16FE50A1AC2445400778DBB /* GA_Tutorial.xcdatamodel */;
			path = GA_Tutorial.xcdatamodeld;
			sourceTree = "<group>";
			versionGroupType = wrapper.xcdatamodel;
		};
/* End XCVersionGroup section */
	};
	rootObject = D16FE4F71AC2445300778DBB /* Project object */;
}
